// !$*UTF8*$!
{
	archiveVersion = 1;
	classes = {
	};
	objectVersion = 55;
	objects = {

/* Begin PBXBuildFile section */
		737155992721AFF600AB1FEC /* AppDelegate.swift in Sources */ = {isa = PBXBuildFile; fileRef = 737155982721AFF600AB1FEC /* AppDelegate.swift */; };
		7371559B2721AFF600AB1FEC /* SceneDelegate.swift in Sources */ = {isa = PBXBuildFile; fileRef = 7371559A2721AFF600AB1FEC /* SceneDelegate.swift */; };
		7371559D2721AFF600AB1FEC /* ViewController.swift in Sources */ = {isa = PBXBuildFile; fileRef = 7371559C2721AFF600AB1FEC /* ViewController.swift */; };
		737155A02721AFF600AB1FEC /* Main.storyboard in Resources */ = {isa = PBXBuildFile; fileRef = 7371559E2721AFF600AB1FEC /* Main.storyboard */; };
		737155A22721AFF800AB1FEC /* Assets.xcassets in Resources */ = {isa = PBXBuildFile; fileRef = 737155A12721AFF800AB1FEC /* Assets.xcassets */; };
		737155A52721AFF800AB1FEC /* LaunchScreen.storyboard in Resources */ = {isa = PBXBuildFile; fileRef = 737155A32721AFF800AB1FEC /* LaunchScreen.storyboard */; };
		737155DD2721C56D00AB1FEC /* estonia@2x.png in Resources */ = {isa = PBXBuildFile; fileRef = 737155AE2721C56D00AB1FEC /* estonia@2x.png */; };
		737155E12721C56D00AB1FEC /* monaco@2x.png in Resources */ = {isa = PBXBuildFile; fileRef = 737155B32721C56D00AB1FEC /* monaco@2x.png */; };
		737155E52721C56D00AB1FEC /* france@2x.png in Resources */ = {isa = PBXBuildFile; fileRef = 737155B82721C56D00AB1FEC /* france@2x.png */; };
		737155E62721C56D00AB1FEC /* poland@2x.png in Resources */ = {isa = PBXBuildFile; fileRef = 737155BA2721C56D00AB1FEC /* poland@2x.png */; };
		737155E92721C56D00AB1FEC /* russia@2x.png in Resources */ = {isa = PBXBuildFile; fileRef = 737155BE2721C56D00AB1FEC /* russia@2x.png */; };
		737155EC2721C56D00AB1FEC /* ireland@2x.png in Resources */ = {isa = PBXBuildFile; fileRef = 737155C22721C56D00AB1FEC /* ireland@2x.png */; };
		737155F12721C56D00AB1FEC /* us@2x.png in Resources */ = {isa = PBXBuildFile; fileRef = 737155C82721C56D00AB1FEC /* us@2x.png */; };
		737155F22721C56D00AB1FEC /* nigeria@2x.png in Resources */ = {isa = PBXBuildFile; fileRef = 737155CA2721C56D00AB1FEC /* nigeria@2x.png */; };
		737155F72721C56D00AB1FEC /* uk@2x.png in Resources */ = {isa = PBXBuildFile; fileRef = 737155D02721C56D00AB1FEC /* uk@2x.png */; };
		737155F92721C56D00AB1FEC /* germany@2x.png in Resources */ = {isa = PBXBuildFile; fileRef = 737155D32721C56D00AB1FEC /* germany@2x.png */; };
		737155FB2721C56D00AB1FEC /* spain@2x.png in Resources */ = {isa = PBXBuildFile; fileRef = 737155D62721C56D00AB1FEC /* spain@2x.png */; };
		737155FF2721C56D00AB1FEC /* italy@2x.png in Resources */ = {isa = PBXBuildFile; fileRef = 737155DB2721C56D00AB1FEC /* italy@2x.png */; };
		73A8658B2722B3BE009EFD2A /* DetailViewController.swift in Sources */ = {isa = PBXBuildFile; fileRef = 73A8658A2722B3BE009EFD2A /* DetailViewController.swift */; };
/* End PBXBuildFile section */

/* Begin PBXFileReference section */
		737155952721AFF600AB1FEC /* World Flags.app */ = {isa = PBXFileReference; explicitFileType = wrapper.application; includeInIndex = 0; path = "World Flags.app"; sourceTree = BUILT_PRODUCTS_DIR; };
		737155982721AFF600AB1FEC /* AppDelegate.swift */ = {isa = PBXFileReference; lastKnownFileType = sourcecode.swift; path = AppDelegate.swift; sourceTree = "<group>"; };
		7371559A2721AFF600AB1FEC /* SceneDelegate.swift */ = {isa = PBXFileReference; lastKnownFileType = sourcecode.swift; path = SceneDelegate.swift; sourceTree = "<group>"; };
		7371559C2721AFF600AB1FEC /* ViewController.swift */ = {isa = PBXFileReference; lastKnownFileType = sourcecode.swift; path = ViewController.swift; sourceTree = "<group>"; };
		7371559F2721AFF600AB1FEC /* Base */ = {isa = PBXFileReference; lastKnownFileType = file.storyboard; name = Base; path = Base.lproj/Main.storyboard; sourceTree = "<group>"; };
		737155A12721AFF800AB1FEC /* Assets.xcassets */ = {isa = PBXFileReference; lastKnownFileType = folder.assetcatalog; path = Assets.xcassets; sourceTree = "<group>"; };
		737155A42721AFF800AB1FEC /* Base */ = {isa = PBXFileReference; lastKnownFileType = file.storyboard; name = Base; path = Base.lproj/LaunchScreen.storyboard; sourceTree = "<group>"; };
		737155A62721AFF800AB1FEC /* Info.plist */ = {isa = PBXFileReference; lastKnownFileType = text.plist.xml; path = Info.plist; sourceTree = "<group>"; };
		737155AE2721C56D00AB1FEC /* estonia@2x.png */ = {isa = PBXFileReference; lastKnownFileType = image.png; path = "estonia@2x.png"; sourceTree = "<group>"; };
		737155B32721C56D00AB1FEC /* monaco@2x.png */ = {isa = PBXFileReference; lastKnownFileType = image.png; path = "monaco@2x.png"; sourceTree = "<group>"; };
		737155B82721C56D00AB1FEC /* france@2x.png */ = {isa = PBXFileReference; lastKnownFileType = image.png; path = "france@2x.png"; sourceTree = "<group>"; };
		737155BA2721C56D00AB1FEC /* poland@2x.png */ = {isa = PBXFileReference; lastKnownFileType = image.png; path = "poland@2x.png"; sourceTree = "<group>"; };
		737155BE2721C56D00AB1FEC /* russia@2x.png */ = {isa = PBXFileReference; lastKnownFileType = image.png; path = "russia@2x.png"; sourceTree = "<group>"; };
		737155C22721C56D00AB1FEC /* ireland@2x.png */ = {isa = PBXFileReference; lastKnownFileType = image.png; path = "ireland@2x.png"; sourceTree = "<group>"; };
		737155C82721C56D00AB1FEC /* us@2x.png */ = {isa = PBXFileReference; lastKnownFileType = image.png; path = "us@2x.png"; sourceTree = "<group>"; };
		737155CA2721C56D00AB1FEC /* nigeria@2x.png */ = {isa = PBXFileReference; lastKnownFileType = image.png; path = "nigeria@2x.png"; sourceTree = "<group>"; };
		737155D02721C56D00AB1FEC /* uk@2x.png */ = {isa = PBXFileReference; lastKnownFileType = image.png; path = "uk@2x.png"; sourceTree = "<group>"; };
		737155D32721C56D00AB1FEC /* germany@2x.png */ = {isa = PBXFileReference; lastKnownFileType = image.png; path = "germany@2x.png"; sourceTree = "<group>"; };
		737155D62721C56D00AB1FEC /* spain@2x.png */ = {isa = PBXFileReference; lastKnownFileType = image.png; path = "spain@2x.png"; sourceTree = "<group>"; };
		737155DB2721C56D00AB1FEC /* italy@2x.png */ = {isa = PBXFileReference; lastKnownFileType = image.png; path = "italy@2x.png"; sourceTree = "<group>"; };
		73A8658A2722B3BE009EFD2A /* DetailViewController.swift */ = {isa = PBXFileReference; lastKnownFileType = sourcecode.swift; path = DetailViewController.swift; sourceTree = "<group>"; };
/* End PBXFileReference section */

/* Begin PBXFrameworksBuildPhase section */
		737155922721AFF600AB1FEC /* Frameworks */ = {
			isa = PBXFrameworksBuildPhase;
			buildActionMask = 2147483647;
			files = (
			);
			runOnlyForDeploymentPostprocessing = 0;
		};
/* End PBXFrameworksBuildPhase section */

/* Begin PBXGroup section */
		732993BC27A579CE00F32958 /* Controller */ = {
			isa = PBXGroup;
			children = (
				7371559C2721AFF600AB1FEC /* ViewController.swift */,
				73A8658A2722B3BE009EFD2A /* DetailViewController.swift */,
			);
			path = Controller;
			sourceTree = "<group>";
		};
		732993BD27A579DE00F32958 /* View */ = {
			isa = PBXGroup;
			children = (
				7371559E2721AFF600AB1FEC /* Main.storyboard */,
				737155A32721AFF800AB1FEC /* LaunchScreen.storyboard */,
			);
			path = View;
			sourceTree = "<group>";
		};
		7371558C2721AFF600AB1FEC = {
			isa = PBXGroup;
			children = (
				737155972721AFF600AB1FEC /* World Flags */,
				737155962721AFF600AB1FEC /* Products */,
			);
			sourceTree = "<group>";
		};
		737155962721AFF600AB1FEC /* Products */ = {
			isa = PBXGroup;
			children = (
				737155952721AFF600AB1FEC /* World Flags.app */,
			);
			name = Products;
			sourceTree = "<group>";
		};
		737155972721AFF600AB1FEC /* World Flags */ = {
			isa = PBXGroup;
			children = (
				732993BD27A579DE00F32958 /* View */,
				732993BC27A579CE00F32958 /* Controller */,
				737155982721AFF600AB1FEC /* AppDelegate.swift */,
				7371559A2721AFF600AB1FEC /* SceneDelegate.swift */,
				737155A12721AFF800AB1FEC /* Assets.xcassets */,
				737155A62721AFF800AB1FEC /* Info.plist */,
				737155AC2721C56D00AB1FEC /* flagImages */,
			);
			path = "World Flags";
			sourceTree = "<group>";
		};
		737155AC2721C56D00AB1FEC /* flagImages */ = {
			isa = PBXGroup;
			children = (
				737155AE2721C56D00AB1FEC /* estonia@2x.png */,
				737155B32721C56D00AB1FEC /* monaco@2x.png */,
				737155B82721C56D00AB1FEC /* france@2x.png */,
				737155BA2721C56D00AB1FEC /* poland@2x.png */,
				737155BE2721C56D00AB1FEC /* russia@2x.png */,
				737155C22721C56D00AB1FEC /* ireland@2x.png */,
				737155C82721C56D00AB1FEC /* us@2x.png */,
				737155CA2721C56D00AB1FEC /* nigeria@2x.png */,
				737155D02721C56D00AB1FEC /* uk@2x.png */,
				737155D32721C56D00AB1FEC /* germany@2x.png */,
				737155D62721C56D00AB1FEC /* spain@2x.png */,
				737155DB2721C56D00AB1FEC /* italy@2x.png */,
			);
			path = flagImages;
			sourceTree = "<group>";
		};
/* End PBXGroup section */

/* Begin PBXNativeTarget section */
		737155942721AFF600AB1FEC /* World Flags */ = {
			isa = PBXNativeTarget;
			buildConfigurationList = 737155A92721AFF800AB1FEC /* Build configuration list for PBXNativeTarget "World Flags" */;
			buildPhases = (
				737155912721AFF600AB1FEC /* Sources */,
				737155922721AFF600AB1FEC /* Frameworks */,
				737155932721AFF600AB1FEC /* Resources */,
			);
			buildRules = (
			);
			dependencies = (
			);
			name = "World Flags";
			productName = "World Flags";
			productReference = 737155952721AFF600AB1FEC /* World Flags.app */;
			productType = "com.apple.product-type.application";
		};
/* End PBXNativeTarget section */

/* Begin PBXProject section */
		7371558D2721AFF600AB1FEC /* Project object */ = {
			isa = PBXProject;
			attributes = {
				BuildIndependentTargetsInParallel = 1;
				LastSwiftUpdateCheck = 1300;
				LastUpgradeCheck = 1300;
				TargetAttributes = {
					737155942721AFF600AB1FEC = {
						CreatedOnToolsVersion = 13.0;
					};
				};
			};
			buildConfigurationList = 737155902721AFF600AB1FEC /* Build configuration list for PBXProject "World Flags" */;
			compatibilityVersion = "Xcode 13.0";
			developmentRegion = en;
			hasScannedForEncodings = 0;
			knownRegions = (
				en,
				Base,
			);
			mainGroup = 7371558C2721AFF600AB1FEC;
			productRefGroup = 737155962721AFF600AB1FEC /* Products */;
			projectDirPath = "";
			projectRoot = "";
			targets = (
				737155942721AFF600AB1FEC /* World Flags */,
			);
		};
/* End PBXProject section */

/* Begin PBXResourcesBuildPhase section */
		737155932721AFF600AB1FEC /* Resources */ = {
			isa = PBXResourcesBuildPhase;
			buildActionMask = 2147483647;
			files = (
				737155E92721C56D00AB1FEC /* russia@2x.png in Resources */,
				737155A52721AFF800AB1FEC /* LaunchScreen.storyboard in Resources */,
				737155E62721C56D00AB1FEC /* poland@2x.png in Resources */,
				737155F12721C56D00AB1FEC /* us@2x.png in Resources */,
				737155A22721AFF800AB1FEC /* Assets.xcassets in Resources */,
				737155DD2721C56D00AB1FEC /* estonia@2x.png in Resources */,
				737155FB2721C56D00AB1FEC /* spain@2x.png in Resources */,
				737155F22721C56D00AB1FEC /* nigeria@2x.png in Resources */,
				737155FF2721C56D00AB1FEC /* italy@2x.png in Resources */,
				737155E52721C56D00AB1FEC /* france@2x.png in Resources */,
				737155A02721AFF600AB1FEC /* Main.storyboard in Resources */,
				737155F72721C56D00AB1FEC /* uk@2x.png in Resources */,
				737155EC2721C56D00AB1FEC /* ireland@2x.png in Resources */,
				737155E12721C56D00AB1FEC /* monaco@2x.png in Resources */,
				737155F92721C56D00AB1FEC /* germany@2x.png in Resources */,
			);
			runOnlyForDeploymentPostprocessing = 0;
		};
/* End PBXResourcesBuildPhase section */

/* Begin PBXSourcesBuildPhase section */
		737155912721AFF600AB1FEC /* Sources */ = {
			isa = PBXSourcesBuildPhase;
			buildActionMask = 2147483647;
			files = (
				7371559D2721AFF600AB1FEC /* ViewController.swift in Sources */,
				737155992721AFF600AB1FEC /* AppDelegate.swift in Sources */,
				7371559B2721AFF600AB1FEC /* SceneDelegate.swift in Sources */,
				73A8658B2722B3BE009EFD2A /* DetailViewController.swift in Sources */,
			);
			runOnlyForDeploymentPostprocessing = 0;
		};
/* End PBXSourcesBuildPhase section */

/* Begin PBXVariantGroup section */
		7371559E2721AFF600AB1FEC /* Main.storyboard */ = {
			isa = PBXVariantGroup;
			children = (
				7371559F2721AFF600AB1FEC /* Base */,
			);
			name = Main.storyboard;
			sourceTree = "<group>";
		};
		737155A32721AFF800AB1FEC /* LaunchScreen.storyboard */ = {
			isa = PBXVariantGroup;
			children = (
				737155A42721AFF800AB1FEC /* Base */,
			);
			name = LaunchScreen.storyboard;
			sourceTree = "<group>";
		};
/* End PBXVariantGroup section */

/* Begin XCBuildConfiguration section */
		737155A72721AFF800AB1FEC /* Debug */ = {
			isa = XCBuildConfiguration;
			buildSettings = {
				ALWAYS_SEARCH_USER_PATHS = NO;
				CLANG_ANALYZER_NONNULL = YES;
				CLANG_ANALYZER_NUMBER_OBJECT_CONVERSION = YES_AGGRESSIVE;
				CLANG_CXX_LANGUAGE_STANDARD = "gnu++17";
				CLANG_CXX_LIBRARY = "libc++";
				CLANG_ENABLE_MODULES = YES;
				CLANG_ENABLE_OBJC_ARC = YES;
				CLANG_ENABLE_OBJC_WEAK = YES;
				CLANG_WARN_BLOCK_CAPTURE_AUTORELEASING = YES;
				CLANG_WARN_BOOL_CONVERSION = YES;
				CLANG_WARN_COMMA = YES;
				CLANG_WARN_CONSTANT_CONVERSION = YES;
				CLANG_WARN_DEPRECATED_OBJC_IMPLEMENTATIONS = YES;
				CLANG_WARN_DIRECT_OBJC_ISA_USAGE = YES_ERROR;
				CLANG_WARN_DOCUMENTATION_COMMENTS = YES;
				CLANG_WARN_EMPTY_BODY = YES;
				CLANG_WARN_ENUM_CONVERSION = YES;
				CLANG_WARN_INFINITE_RECURSION = YES;
				CLANG_WARN_INT_CONVERSION = YES;
				CLANG_WARN_NON_LITERAL_NULL_CONVERSION = YES;
				CLANG_WARN_OBJC_IMPLICIT_RETAIN_SELF = YES;
				CLANG_WARN_OBJC_LITERAL_CONVERSION = YES;
				CLANG_WARN_OBJC_ROOT_CLASS = YES_ERROR;
				CLANG_WARN_QUOTED_INCLUDE_IN_FRAMEWORK_HEADER = YES;
				CLANG_WARN_RANGE_LOOP_ANALYSIS = YES;
				CLANG_WARN_STRICT_PROTOTYPES = YES;
				CLANG_WARN_SUSPICIOUS_MOVE = YES;
				CLANG_WARN_UNGUARDED_AVAILABILITY = YES_AGGRESSIVE;
				CLANG_WARN_UNREACHABLE_CODE = YES;
				CLANG_WARN__DUPLICATE_METHOD_MATCH = YES;
				COPY_PHASE_STRIP = NO;
				DEBUG_INFORMATION_FORMAT = dwarf;
				ENABLE_STRICT_OBJC_MSGSEND = YES;
				ENABLE_TESTABILITY = YES;
				GCC_C_LANGUAGE_STANDARD = gnu11;
				GCC_DYNAMIC_NO_PIC = NO;
				GCC_NO_COMMON_BLOCKS = YES;
				GCC_OPTIMIZATION_LEVEL = 0;
				GCC_PREPROCESSOR_DEFINITIONS = (
					"DEBUG=1",
					"$(inherited)",
				);
				GCC_WARN_64_TO_32_BIT_CONVERSION = YES;
				GCC_WARN_ABOUT_RETURN_TYPE = YES_ERROR;
				GCC_WARN_UNDECLARED_SELECTOR = YES;
				GCC_WARN_UNINITIALIZED_AUTOS = YES_AGGRESSIVE;
				GCC_WARN_UNUSED_FUNCTION = YES;
				GCC_WARN_UNUSED_VARIABLE = YES;
				IPHONEOS_DEPLOYMENT_TARGET = 15.0;
				MTL_ENABLE_DEBUG_INFO = INCLUDE_SOURCE;
				MTL_FAST_MATH = YES;
				ONLY_ACTIVE_ARCH = YES;
				SDKROOT = iphoneos;
				SWIFT_ACTIVE_COMPILATION_CONDITIONS = DEBUG;
				SWIFT_OPTIMIZATION_LEVEL = "-Onone";
			};
			name = Debug;
		};
		737155A82721AFF800AB1FEC /* Release */ = {
			isa = XCBuildConfiguration;
			buildSettings = {
				ALWAYS_SEARCH_USER_PATHS = NO;
				CLANG_ANALYZER_NONNULL = YES;
				CLANG_ANALYZER_NUMBER_OBJECT_CONVERSION = YES_AGGRESSIVE;
				CLANG_CXX_LANGUAGE_STANDARD = "gnu++17";
				CLANG_CXX_LIBRARY = "libc++";
				CLANG_ENABLE_MODULES = YES;
				CLANG_ENABLE_OBJC_ARC = YES;
				CLANG_ENABLE_OBJC_WEAK = YES;
				CLANG_WARN_BLOCK_CAPTURE_AUTORELEASING = YES;
				CLANG_WARN_BOOL_CONVERSION = YES;
				CLANG_WARN_COMMA = YES;
				CLANG_WARN_CONSTANT_CONVERSION = YES;
				CLANG_WARN_DEPRECATED_OBJC_IMPLEMENTATIONS = YES;
				CLANG_WARN_DIRECT_OBJC_ISA_USAGE = YES_ERROR;
				CLANG_WARN_DOCUMENTATION_COMMENTS = YES;
				CLANG_WARN_EMPTY_BODY = YES;
				CLANG_WARN_ENUM_CONVERSION = YES;
				CLANG_WARN_INFINITE_RECURSION = YES;
				CLANG_WARN_INT_CONVERSION = YES;
				CLANG_WARN_NON_LITERAL_NULL_CONVERSION = YES;
				CLANG_WARN_OBJC_IMPLICIT_RETAIN_SELF = YES;
				CLANG_WARN_OBJC_LITERAL_CONVERSION = YES;
				CLANG_WARN_OBJC_ROOT_CLASS = YES_ERROR;
				CLANG_WARN_QUOTED_INCLUDE_IN_FRAMEWORK_HEADER = YES;
				CLANG_WARN_RANGE_LOOP_ANALYSIS = YES;
				CLANG_WARN_STRICT_PROTOTYPES = YES;
				CLANG_WARN_SUSPICIOUS_MOVE = YES;
				CLANG_WARN_UNGUARDED_AVAILABILITY = YES_AGGRESSIVE;
				CLANG_WARN_UNREACHABLE_CODE = YES;
				CLANG_WARN__DUPLICATE_METHOD_MATCH = YES;
				COPY_PHASE_STRIP = NO;
				DEBUG_INFORMATION_FORMAT = "dwarf-with-dsym";
				ENABLE_NS_ASSERTIONS = NO;
				ENABLE_STRICT_OBJC_MSGSEND = YES;
				GCC_C_LANGUAGE_STANDARD = gnu11;
				GCC_NO_COMMON_BLOCKS = YES;
				GCC_WARN_64_TO_32_BIT_CONVERSION = YES;
				GCC_WARN_ABOUT_RETURN_TYPE = YES_ERROR;
				GCC_WARN_UNDECLARED_SELECTOR = YES;
				GCC_WARN_UNINITIALIZED_AUTOS = YES_AGGRESSIVE;
				GCC_WARN_UNUSED_FUNCTION = YES;
				GCC_WARN_UNUSED_VARIABLE = YES;
				IPHONEOS_DEPLOYMENT_TARGET = 15.0;
				MTL_ENABLE_DEBUG_INFO = NO;
				MTL_FAST_MATH = YES;
				SDKROOT = iphoneos;
				SWIFT_COMPILATION_MODE = wholemodule;
				SWIFT_OPTIMIZATION_LEVEL = "-O";
				VALIDATE_PRODUCT = YES;
			};
			name = Release;
		};
		737155AA2721AFF800AB1FEC /* Debug */ = {
			isa = XCBuildConfiguration;
			buildSettings = {
				ASSETCATALOG_COMPILER_APPICON_NAME = AppIcon;
				ASSETCATALOG_COMPILER_GLOBAL_ACCENT_COLOR_NAME = AccentColor;
				CODE_SIGN_STYLE = Automatic;
				CURRENT_PROJECT_VERSION = 1;
				GENERATE_INFOPLIST_FILE = YES;
				INFOPLIST_FILE = "World Flags/Info.plist";
				INFOPLIST_KEY_UIApplicationSupportsIndirectInputEvents = YES;
				INFOPLIST_KEY_UILaunchStoryboardName = LaunchScreen;
				INFOPLIST_KEY_UIMainStoryboardFile = Main;
				INFOPLIST_KEY_UISupportedInterfaceOrientations_iPad = "UIInterfaceOrientationPortrait UIInterfaceOrientationPortraitUpsideDown UIInterfaceOrientationLandscapeLeft UIInterfaceOrientationLandscapeRight";
				INFOPLIST_KEY_UISupportedInterfaceOrientations_iPhone = "UIInterfaceOrientationPortrait UIInterfaceOrientationLandscapeLeft UIInterfaceOrientationLandscapeRight";
				LD_RUNPATH_SEARCH_PATHS = (
					"$(inherited)",
					"@executable_path/Frameworks",
				);
				MARKETING_VERSION = 1.0;
				PRODUCT_BUNDLE_IDENTIFIER = "com.tojal.World-Flags";
				PRODUCT_NAME = "$(TARGET_NAME)";
				SWIFT_EMIT_LOC_STRINGS = YES;
				SWIFT_VERSION = 5.0;
				TARGETED_DEVICE_FAMILY = "1,2";
			};
			name = Debug;
		};
		737155AB2721AFF800AB1FEC /* Release */ = {
			isa = XCBuildConfiguration;
			buildSettings = {
				ASSETCATALOG_COMPILER_APPICON_NAME = AppIcon;
				ASSETCATALOG_COMPILER_GLOBAL_ACCENT_COLOR_NAME = AccentColor;
				CODE_SIGN_STYLE = Automatic;
				CURRENT_PROJECT_VERSION = 1;
				GENERATE_INFOPLIST_FILE = YES;
				INFOPLIST_FILE = "World Flags/Info.plist";
				INFOPLIST_KEY_UIApplicationSupportsIndirectInputEvents = YES;
				INFOPLIST_KEY_UILaunchStoryboardName = LaunchScreen;
				INFOPLIST_KEY_UIMainStoryboardFile = Main;
				INFOPLIST_KEY_UISupportedInterfaceOrientations_iPad = "UIInterfaceOrientationPortrait UIInterfaceOrientationPortraitUpsideDown UIInterfaceOrientationLandscapeLeft UIInterfaceOrientationLandscapeRight";
				INFOPLIST_KEY_UISupportedInterfaceOrientations_iPhone = "UIInterfaceOrientationPortrait UIInterfaceOrientationLandscapeLeft UIInterfaceOrientationLandscapeRight";
				LD_RUNPATH_SEARCH_PATHS = (
					"$(inherited)",
					"@executable_path/Frameworks",
				);
				MARKETING_VERSION = 1.0;
				PRODUCT_BUNDLE_IDENTIFIER = "com.tojal.World-Flags";
				PRODUCT_NAME = "$(TARGET_NAME)";
				SWIFT_EMIT_LOC_STRINGS = YES;
				SWIFT_VERSION = 5.0;
				TARGETED_DEVICE_FAMILY = "1,2";
			};
			name = Release;
		};
/* End XCBuildConfiguration section */

/* Begin XCConfigurationList section */
		737155902721AFF600AB1FEC /* Build configuration list for PBXProject "World Flags" */ = {
			isa = XCConfigurationList;
			buildConfigurations = (
				737155A72721AFF800AB1FEC /* Debug */,
				737155A82721AFF800AB1FEC /* Release */,
			);
			defaultConfigurationIsVisible = 0;
			defaultConfigurationName = Release;
		};
		737155A92721AFF800AB1FEC /* Build configuration list for PBXNativeTarget "World Flags" */ = {
			isa = XCConfigurationList;
			buildConfigurations = (
				737155AA2721AFF800AB1FEC /* Debug */,
				737155AB2721AFF800AB1FEC /* Release */,
			);
			defaultConfigurationIsVisible = 0;
			defaultConfigurationName = Release;
		};
/* End XCConfigurationList section */
	};
	rootObject = 7371558D2721AFF600AB1FEC /* Project object */;
}
